
Microsoft Visual Studio Solution File, Format Version 12.00
# Visual Studio Version 17
VisualStudioVersion = 17.13.35931.197 d17.13
MinimumVisualStudioVersion = 10.0.40219.1
Project("{FAE04EC0-301F-11D3-BF4B-00C04F79EFBC}") = "ScaffoldCheck", "ScaffoldCheck.csproj", "{F39C78D4-43D0-4D55-BD33-462B3DDB3C83}"
EndProject
Global
	GlobalSection(SolutionConfigurationPlatforms) = preSolution
		Debug|Any CPU = Debug|Any CPU
		Release|Any CPU = Release|Any CPU
	EndGlobalSection
	GlobalSection(ProjectConfigurationPlatforms) = postSolution
		{F39C78D4-43D0-4D55-BD33-462B3DDB3C83}.Debug|Any CPU.ActiveCfg = Debug|Any CPU
		{F39C78D4-43D0-4D55-BD33-462B3DDB3C83}.Debug|Any CPU.Build.0 = Debug|Any CPU
		{F39C78D4-43D0-4D55-BD33-462B3DDB3C83}.Release|Any CPU.ActiveCfg = Release|Any CPU
		{F39C78D4-43D0-4D55-BD33-462B3DDB3C83}.Release|Any CPU.Build.0 = Release|Any CPU
	EndGlobalSection
	GlobalSection(SolutionProperties) = preSolution
		HideSolutionNode = FALSE
	EndGlobalSection
	GlobalSection(ExtensibilityGlobals) = postSolution
		SolutionGuid = {12D8417F-BC8E-43B1-AE4D-5D2A3A4F66BD}
	EndGlobalSection
EndGlobal
